
Microsoft Visual Studio Solution File, Format Version 12.00
# Visual Studio 14
VisualStudioVersion = 14.0.25420.1
MinimumVisualStudioVersion = 10.0.40219.1
Project("{FAE04EC0-301F-11D3-BF4B-00C04F79EFBC}") = "Classes", "DomainClasses\Classes.csproj", "{59923AC8-5202-4515-981C-B3DC991BB0CC}"
EndProject
Project("{FAE04EC0-301F-11D3-BF4B-00C04F79EFBC}") = "DataModel", "DataModels\DataModel.csproj", "{F8F579DA-5D41-410E-BA46-7661985396AB}"
EndProject
Project("{FAE04EC0-301F-11D3-BF4B-00C04F79EFBC}") = "EDMXFromDB", "EDMXFromDB\EDMXFromDB.csproj", "{A69F635B-98CF-4773-888F-0361DB308C62}"
EndProject
Project("{FAE04EC0-301F-11D3-BF4B-00C04F79EFBC}") = "CodeModelFromDb", "CodeModelFromDb\CodeModelFromDb.csproj", "{EE9EE599-8B59-4175-921A-CCCD5112D964}"
EndProject
Project("{FAE04EC0-301F-11D3-BF4B-00C04F79EFBC}") = "ConsoleApplication", "ConsoleApplication\ConsoleApplication.csproj", "{1B74FBB4-D585-4A37-835B-30C217D1BCBE}"
EndProject
Global
	GlobalSection(SolutionConfigurationPlatforms) = preSolution
		Debug|Any CPU = Debug|Any CPU
		Release|Any CPU = Release|Any CPU
	EndGlobalSection
	GlobalSection(ProjectConfigurationPlatforms) = postSolution
		{59923AC8-5202-4515-981C-B3DC991BB0CC}.Debug|Any CPU.ActiveCfg = Debug|Any CPU
		{59923AC8-5202-4515-981C-B3DC991BB0CC}.Debug|Any CPU.Build.0 = Debug|Any CPU
		{59923AC8-5202-4515-981C-B3DC991BB0CC}.Release|Any CPU.ActiveCfg = Release|Any CPU
		{59923AC8-5202-4515-981C-B3DC991BB0CC}.Release|Any CPU.Build.0 = Release|Any CPU
		{F8F579DA-5D41-410E-BA46-7661985396AB}.Debug|Any CPU.ActiveCfg = Debug|Any CPU
		{F8F579DA-5D41-410E-BA46-7661985396AB}.Debug|Any CPU.Build.0 = Debug|Any CPU
		{F8F579DA-5D41-410E-BA46-7661985396AB}.Release|Any CPU.ActiveCfg = Release|Any CPU
		{F8F579DA-5D41-410E-BA46-7661985396AB}.Release|Any CPU.Build.0 = Release|Any CPU
		{A69F635B-98CF-4773-888F-0361DB308C62}.Debug|Any CPU.ActiveCfg = Debug|Any CPU
		{A69F635B-98CF-4773-888F-0361DB308C62}.Debug|Any CPU.Build.0 = Debug|Any CPU
		{A69F635B-98CF-4773-888F-0361DB308C62}.Release|Any CPU.ActiveCfg = Release|Any CPU
		{A69F635B-98CF-4773-888F-0361DB308C62}.Release|Any CPU.Build.0 = Release|Any CPU
		{EE9EE599-8B59-4175-921A-CCCD5112D964}.Debug|Any CPU.ActiveCfg = Debug|Any CPU
		{EE9EE599-8B59-4175-921A-CCCD5112D964}.Debug|Any CPU.Build.0 = Debug|Any CPU
		{EE9EE599-8B59-4175-921A-CCCD5112D964}.Release|Any CPU.ActiveCfg = Release|Any CPU
		{EE9EE599-8B59-4175-921A-CCCD5112D964}.Release|Any CPU.Build.0 = Release|Any CPU
		{1B74FBB4-D585-4A37-835B-30C217D1BCBE}.Debug|Any CPU.ActiveCfg = Debug|Any CPU
		{1B74FBB4-D585-4A37-835B-30C217D1BCBE}.Debug|Any CPU.Build.0 = Debug|Any CPU
		{1B74FBB4-D585-4A37-835B-30C217D1BCBE}.Release|Any CPU.ActiveCfg = Release|Any CPU
		{1B74FBB4-D585-4A37-835B-30C217D1BCBE}.Release|Any CPU.Build.0 = Release|Any CPU
	EndGlobalSection
	GlobalSection(SolutionProperties) = preSolution
		HideSolutionNode = FALSE
	EndGlobalSection
EndGlobal
